
Microsoft Visual Studio Solution File, Format Version 12.00
# Visual Studio Version 17
VisualStudioVersion = 17.0.31611.283
MinimumVisualStudioVersion = 10.0.40219.1
Project("{FAE04EC0-301F-11D3-BF4B-00C04F79EFBC}") = "MonkeyConf_ConditionalCompilation", "ConditionalCompilingApproach\MonkeyConf_ConditionalCompilation.csproj", "{0D42BF7D-5323-4E1A-B9BC-816816CF781F}"
EndProject
Project("{FAE04EC0-301F-11D3-BF4B-00C04F79EFBC}") = "MonkeyConf_PartialClasses", "PartialClassesApproach\MonkeyConf_PartialClasses.csproj", "{01C039D0-2654-4CBE-96DA-FA5D3AFB04EE}"
EndProject
Project("{FAE04EC0-301F-11D3-BF4B-00C04F79EFBC}") = "MonkeyConf_ClassicApproach", "ClassicApproach\MonkeyConf_ClassicApproach.csproj", "{FA7DE0EA-BCC4-4925-9ED7-3573B6E5D527}"
EndProject
Global
	GlobalSection(SolutionConfigurationPlatforms) = preSolution
		Debug|Any CPU = Debug|Any CPU
		Release|Any CPU = Release|Any CPU
	EndGlobalSection
	GlobalSection(ProjectConfigurationPlatforms) = postSolution
		{0D42BF7D-5323-4E1A-B9BC-816816CF781F}.Debug|Any CPU.ActiveCfg = Debug|Any CPU
		{0D42BF7D-5323-4E1A-B9BC-816816CF781F}.Debug|Any CPU.Build.0 = Debug|Any CPU
		{0D42BF7D-5323-4E1A-B9BC-816816CF781F}.Release|Any CPU.ActiveCfg = Release|Any CPU
		{0D42BF7D-5323-4E1A-B9BC-816816CF781F}.Release|Any CPU.Build.0 = Release|Any CPU
		{01C039D0-2654-4CBE-96DA-FA5D3AFB04EE}.Debug|Any CPU.ActiveCfg = Debug|Any CPU
		{01C039D0-2654-4CBE-96DA-FA5D3AFB04EE}.Debug|Any CPU.Build.0 = Debug|Any CPU
		{01C039D0-2654-4CBE-96DA-FA5D3AFB04EE}.Release|Any CPU.ActiveCfg = Release|Any CPU
		{01C039D0-2654-4CBE-96DA-FA5D3AFB04EE}.Release|Any CPU.Build.0 = Release|Any CPU
		{FA7DE0EA-BCC4-4925-9ED7-3573B6E5D527}.Debug|Any CPU.ActiveCfg = Debug|Any CPU
		{FA7DE0EA-BCC4-4925-9ED7-3573B6E5D527}.Debug|Any CPU.Build.0 = Debug|Any CPU
		{FA7DE0EA-BCC4-4925-9ED7-3573B6E5D527}.Release|Any CPU.ActiveCfg = Release|Any CPU
		{FA7DE0EA-BCC4-4925-9ED7-3573B6E5D527}.Release|Any CPU.Build.0 = Release|Any CPU
	EndGlobalSection
	GlobalSection(SolutionProperties) = preSolution
		HideSolutionNode = FALSE
	EndGlobalSection
	GlobalSection(ExtensibilityGlobals) = postSolution
		SolutionGuid = {61F7FB11-1E47-470C-91E2-47F8143E1572}
	EndGlobalSection
EndGlobal
